version = 1
revision = 3
requires-python = ">=3.12"

[[package]]
name = "reusable-workflows"
version = "0.0.0"
source = { virtual = "." }

[package.dev-dependencies]
zizmor = [
    { name = "zizmor" },
]

[package.metadata]

[package.metadata.requires-dev]
zizmor = [{ name = "zizmor", specifier = "==1.15.1" }]

[[package]]
name = "zizmor"
version = "1.15.1"
source = { registry = "https://pypi.org/simple" }
sdist = { url = "https://files.pythonhosted.org/packages/24/60/9b7ca21ef965f45e7813f66c460628e9e2422270ad24a14408b8bcbf96e6/zizmor-1.15.1.tar.gz", hash = "sha256:30a2aaf74e8fb477a7ff5505bc4cf67c4021ca87a648620379f5efaecddc19cf", size = 382291, upload-time = "2025-10-14T03:32:15.463Z" }
wheels = [
    { url = "https://files.pythonhosted.org/packages/a8/36/63e2f8c1f69f52aed8ffd805dd86200b03620dd3071d3d5cd3c91c5f2bf1/zizmor-1.15.1-py3-none-macosx_10_12_x86_64.whl", hash = "sha256:260b1b9ff96dbb1651f0656cb2e5e2db3de07240ef5469e3f167c9504c7b359b", size = 6933311, upload-time = "2025-10-14T03:32:08.634Z" },
    { url = "https://files.pythonhosted.org/packages/7e/2d/d9391ea73dd26fcd61b10fb1a2ef01b4f6b387076b1aea48ce206c980807/zizmor-1.15.1-py3-none-macosx_11_0_arm64.whl", hash = "sha256:7b48df3f1b832c1f6329ba504c6cef9f94e80efe6697aa6711bd852a84c13da5", size = 6547764, upload-time = "2025-10-14T03:32:06.896Z" },
    { url = "https://files.pythonhosted.org/packages/8a/10/7d90f75a6028cebaa342744381524aefb4e5085e9e096393aa514b796ba7/zizmor-1.15.1-py3-none-manylinux_2_24_aarch64.whl", hash = "sha256:1db0ac3bfbbb3dfd888ea1442e80b4d5a004498ea6887cd1351a0678decb69b2", size = 6826169, upload-time = "2025-10-14T03:32:00.68Z" },
    { url = "https://files.pythonhosted.org/packages/ff/1e/93d8389cb8d11c9703f320db914288d4e2d2cadddc20e40f8a3cf4f1c25d/zizmor-1.15.1-py3-none-manylinux_2_28_armv7l.whl", hash = "sha256:634c84f6699f6a7852759df0f452701c01ae773d0687db76ca0a0c70f4efd0c5", size = 6540673, upload-time = "2025-10-14T03:32:03.027Z" },
    { url = "https://files.pythonhosted.org/packages/4e/f2/55ecbcd1c5686e159fee6698846fa6eff97bd70dde3aa7538039ff2ab071/zizmor-1.15.1-py3-none-manylinux_2_28_x86_64.whl", hash = "sha256:88f4d6635715f2559f8041c24c6028443f4467e208e202ffa5e273dd37bfae40", size = 7132899, upload-time = "2025-10-14T03:32:04.976Z" },
    { url = "https://files.pythonhosted.org/packages/fe/36/d596fc62ece663b398a1fbcf7a656038e5facf3055972a813e0fe54cf31d/zizmor-1.15.1-py3-none-musllinux_1_2_aarch64.whl", hash = "sha256:55f10843a5d9e2f2095954d33d43e5d3f89581937678b09f1eb1dc2c14fa3771", size = 6854138, upload-time = "2025-10-14T03:32:10.379Z" },
    { url = "https://files.pythonhosted.org/packages/10/eb/4d3bbdc9d6b63903597667ca68f2bf80c35eed46f9052f98355be2400556/zizmor-1.15.1-py3-none-musllinux_1_2_armv7l.whl", hash = "sha256:4c621ac81b2b594faaf4ad4980c04c7448d043c66478753248c40b14355b2f2e", size = 6552452, upload-time = "2025-10-14T03:32:12.111Z" },
    { url = "https://files.pythonhosted.org/packages/d0/02/34e101e9a590ea1e6be96d5c0f7c12d341bb6d1caf7c7e267dc574eea0c0/zizmor-1.15.1-py3-none-musllinux_1_2_x86_64.whl", hash = "sha256:e456bdb8a832370523a3a75c8398cf1b90db9e1a5d38804efeaf29af2cc0e752", size = 7241590, upload-time = "2025-10-14T03:32:13.971Z" },
    { url = "https://files.pythonhosted.org/packages/b4/73/157409873573c0eaeb72debd702928e6756b0a2e3a45dea21edfecaed633/zizmor-1.15.1-py3-none-win32.whl", hash = "sha256:7b0437c636f7dee99cfcf0394f603e9d9e2b0b305a34289fdfa995601df559b3", size = 5784384, upload-time = "2025-10-14T03:32:18.578Z" },
    { url = "https://files.pythonhosted.org/packages/5d/4b/0e8401a485515d8312fd9713b7a183e98e8ae47634d631e99d6bf0bd4d4c/zizmor-1.15.1-py3-none-win_amd64.whl", hash = "sha256:b9aa9a7ca8906fd79f8a2394f0b5bc0d945aa8d9d327caa0f66f8c5ace90e84c", size = 6515537, upload-time = "2025-10-14T03:32:16.846Z" },
]
